PODS:
  - Alamofire (4.0.1)
  - AlamofireImage (3.1.0):
    - Alamofire (~> 4.0)
  - AlamofireSwiftyJSON (0.2.0):
    - Alamofire (~> 4.0)
    - SwiftyJSON (~> 3.1)
  - DropDown (2)
  - SwiftyJSON (3.1.1)

DEPENDENCIES:
  - Alamofire
  - AlamofireImage
  - AlamofireSwiftyJSON
  - DropDown

SPEC CHECKSUMS:
  Alamofire: 7682d43245de14874acd142ec137b144aa1dd335
  AlamofireImage: bb8c8351c51cb1633bb6be69b6dbbaff37ce65b7
  AlamofireSwiftyJSON: 5a49196b8b061e32f5ebc84fa0815300bd8a974e
  DropDown: 744784d9c9aa505100e942c16acd05430cbb2f0a
  SwiftyJSON: f0be2e604f83e8405a624e9f891898bf6ed4e019

PODFILE CHECKSUM: 43bb1ada82207bb6767b099ccb73f108ac59eaf6

COCOAPODS: 1.1.1
